// !$*UTF8*$!
{
	archiveVersion = 1;
	classes = {
	};
	objectVersion = 46;
	objects = {

/* Begin PBXBuildFile section */
		C6F3A3111EDF4FA100090BA5 /* NDIlib_DynamicLoad.cpp in Sources */ = {isa = PBXBuildFile; fileRef = C6F3A3101EDF4FA100090BA5 /* NDIlib_DynamicLoad.cpp */; };
/* End PBXBuildFile section */

/* Begin PBXCopyFilesBuildPhase section */
		C625D9951EDF4E8F001B8032 /* CopyFiles */ = {
			isa = PBXCopyFilesBuildPhase;
			buildActionMask = 2147483647;
			dstPath = /usr/share/man/man1/;
			dstSubfolderSpec = 0;
			files = (
			);
			runOnlyForDeploymentPostprocessing = 1;
		};
/* End PBXCopyFilesBuildPhase section */

/* Begin PBXFileReference section */
		C625D9971EDF4E8F001B8032 /* NDIlib_DynamicLoad */ = {isa = PBXFileReference; explicitFileType = "compiled.mach-o.executable"; includeInIndex = 0; path = NDIlib_DynamicLoad; sourceTree = BUILT_PRODUCTS_DIR; };
		C6F3A3101EDF4FA100090BA5 /* NDIlib_DynamicLoad.cpp */ = {isa = PBXFileReference; fileEncoding = 4; lastKnownFileType = sourcecode.cpp.cpp; path = NDIlib_DynamicLoad.cpp; sourceTree = SOURCE_ROOT; };
/* End PBXFileReference section */

/* Begin PBXFrameworksBuildPhase section */
		C625D9941EDF4E8F001B8032 /* Frameworks */ = {
			isa = PBXFrameworksBuildPhase;
			buildActionMask = 2147483647;
			files = (
			);
			runOnlyForDeploymentPostprocessing = 0;
		};
/* End PBXFrameworksBuildPhase section */

/* Begin PBXGroup section */
		C625D98E1EDF4E8F001B8032 = {
			isa = PBXGroup;
			children = (
				C625D9991EDF4E8F001B8032 /* NDIlib_DynamicLoad */,
				C625D9981EDF4E8F001B8032 /* Products */,
			);
			sourceTree = "<group>";
		};
		C625D9981EDF4E8F001B8032 /* Products */ = {
			isa = PBXGroup;
			children = (
				C625D9971EDF4E8F001B8032 /* NDIlib_DynamicLoad */,
			);
			name = Products;
			sourceTree = "<group>";
		};
		C625D9991EDF4E8F001B8032 /* NDIlib_DynamicLoad */ = {
			isa = PBXGroup;
			children = (
				C6F3A3101EDF4FA100090BA5 /* NDIlib_DynamicLoad.cpp */,
			);
			path = NDIlib_DynamicLoad;
			sourceTree = "<group>";
		};
/* End PBXGroup section */

/* Begin PBXNativeTarget section */
		C625D9961EDF4E8F001B8032 /* NDIlib_DynamicLoad */ = {
			isa = PBXNativeTarget;
			buildConfigurationList = C625D99E1EDF4E8F001B8032 /* Build configuration list for PBXNativeTarget "NDIlib_DynamicLoad" */;
			buildPhases = (
				C625D9931EDF4E8F001B8032 /* Sources */,
				C625D9941EDF4E8F001B8032 /* Frameworks */,
				C625D9951EDF4E8F001B8032 /* CopyFiles */,
			);
			buildRules = (
			);
			dependencies = (
			);
			name = NDIlib_DynamicLoad;
			productName = NDIlib_DynamicLoad;
			productReference = C625D9971EDF4E8F001B8032 /* NDIlib_DynamicLoad */;
			productType = "com.apple.product-type.tool";
		};
/* End PBXNativeTarget section */

/* Begin PBXProject section */
		C625D98F1EDF4E8F001B8032 /* Project object */ = {
			isa = PBXProject;
			attributes = {
				LastUpgradeCheck = 0830;
				ORGANIZATIONNAME = "NewTek, Inc.";
				TargetAttributes = {
					C625D9961EDF4E8F001B8032 = {
						CreatedOnToolsVersion = 8.3.2;
						DevelopmentTeam = W8U66ET244;
						ProvisioningStyle = Automatic;
					};
				};
			};
			buildConfigurationList = C625D9921EDF4E8F001B8032 /* Build configuration list for PBXProject "NDIlib_DynamicLoad" */;
			compatibilityVersion = "Xcode 3.2";
			developmentRegion = English;
			hasScannedForEncodings = 0;
			knownRegions = (
				en,
			);
			mainGroup = C625D98E1EDF4E8F001B8032;
			productRefGroup = C625D9981EDF4E8F001B8032 /* Products */;
			projectDirPath = "";
			projectRoot = "";
			targets = (
				C625D9961EDF4E8F001B8032 /* NDIlib_DynamicLoad */,
			);
		};
/* End PBXProject section */

/* Begin PBXSourcesBuildPhase section */
		C625D9931EDF4E8F001B8032 /* Sources */ = {
			isa = PBXSourcesBuildPhase;
			buildActionMask = 2147483647;
			files = (
				C6F3A3111EDF4FA100090BA5 /* NDIlib_DynamicLoad.cpp in Sources */,
			);
			runOnlyForDeploymentPostprocessing = 0;
		};
/* End PBXSourcesBuildPhase section */

/* Begin XCBuildConfiguration section */
		C625D99C1EDF4E8F001B8032 /* Debug */ = {
			isa = XCBuildConfiguration;
			buildSettings = {
				ALWAYS_SEARCH_USER_PATHS = NO;
				CLANG_ANALYZER_NONNULL = YES;
				CLANG_ANALYZER_NUMBER_OBJECT_CONVERSION = YES_AGGRESSIVE;
				CLANG_CXX_LANGUAGE_STANDARD = "gnu++0x";
				CLANG_CXX_LIBRARY = "libc++";
				CLANG_ENABLE_MODULES = YES;
				CLANG_ENABLE_OBJC_ARC = YES;
				CLANG_WARN_BOOL_CONVERSION = YES;
				CLANG_WARN_CONSTANT_CONVERSION = YES;
				CLANG_WARN_DIRECT_OBJC_ISA_USAGE = YES_ERROR;
				CLANG_WARN_DOCUMENTATION_COMMENTS = YES;
				CLANG_WARN_EMPTY_BODY = YES;
				CLANG_WARN_ENUM_CONVERSION = YES;
				CLANG_WARN_INFINITE_RECURSION = YES;
				CLANG_WARN_INT_CONVERSION = YES;
				CLANG_WARN_OBJC_ROOT_CLASS = YES_ERROR;
				CLANG_WARN_SUSPICIOUS_MOVE = YES;
				CLANG_WARN_UNREACHABLE_CODE = YES;
				CLANG_WARN__DUPLICATE_METHOD_MATCH = YES;
				CODE_SIGN_IDENTITY = "-";
				COPY_PHASE_STRIP = NO;
				DEBUG_INFORMATION_FORMAT = dwarf;
				ENABLE_STRICT_OBJC_MSGSEND = YES;
				ENABLE_TESTABILITY = YES;
				GCC_C_LANGUAGE_STANDARD = gnu99;
				GCC_DYNAMIC_NO_PIC = NO;
				GCC_NO_COMMON_BLOCKS = YES;
				GCC_OPTIMIZATION_LEVEL = 0;
				GCC_PREPROCESSOR_DEFINITIONS = (
					"DEBUG=1",
					"$(inherited)",
				);
				GCC_WARN_64_TO_32_BIT_CONVERSION = YES;
				GCC_WARN_ABOUT_RETURN_TYPE = YES_ERROR;
				GCC_WARN_UNDECLARED_SELECTOR = YES;
				GCC_WARN_UNINITIALIZED_AUTOS = YES_AGGRESSIVE;
				GCC_WARN_UNUSED_FUNCTION = YES;
				GCC_WARN_UNUSED_VARIABLE = YES;
				HEADER_SEARCH_PATHS = ../../../include;
				MACOSX_DEPLOYMENT_TARGET = 10.12;
				MTL_ENABLE_DEBUG_INFO = YES;
				ONLY_ACTIVE_ARCH = YES;
				SDKROOT = macosx;
			};
			name = Debug;
		};
		C625D99D1EDF4E8F001B8032 /* Release */ = {
			isa = XCBuildConfiguration;
			buildSettings = {
				ALWAYS_SEARCH_USER_PATHS = NO;
				CLANG_ANALYZER_NONNULL = YES;
				CLANG_ANALYZER_NUMBER_OBJECT_CONVERSION = YES_AGGRESSIVE;
				CLANG_CXX_LANGUAGE_STANDARD = "gnu++0x";
				CLANG_CXX_LIBRARY = "libc++";
				CLANG_ENABLE_MODULES = YES;
				CLANG_ENABLE_OBJC_ARC = YES;
				CLANG_WARN_BOOL_CONVERSION = YES;
				CLANG_WARN_CONSTANT_CONVERSION = YES;
				CLANG_WARN_DIRECT_OBJC_ISA_USAGE = YES_ERROR;
				CLANG_WARN_DOCUMENTATION_COMMENTS = YES;
				CLANG_WARN_EMPTY_BODY = YES;
				CLANG_WARN_ENUM_CONVERSION = YES;
				CLANG_WARN_INFINITE_RECURSION = YES;
				CLANG_WARN_INT_CONVERSION = YES;
				CLANG_WARN_OBJC_ROOT_CLASS = YES_ERROR;
				CLANG_WARN_SUSPICIOUS_MOVE = YES;
				CLANG_WARN_UNREACHABLE_CODE = YES;
				CLANG_WARN__DUPLICATE_METHOD_MATCH = YES;
				CODE_SIGN_IDENTITY = "-";
				COPY_PHASE_STRIP = NO;
				DEBUG_INFORMATION_FORMAT = "dwarf-with-dsym";
				ENABLE_NS_ASSERTIONS = NO;
				ENABLE_STRICT_OBJC_MSGSEND = YES;
				GCC_C_LANGUAGE_STANDARD = gnu99;
				GCC_NO_COMMON_BLOCKS = YES;
				GCC_WARN_64_TO_32_BIT_CONVERSION = YES;
				GCC_WARN_ABOUT_RETURN_TYPE = YES_ERROR;
				GCC_WARN_UNDECLARED_SELECTOR = YES;
				GCC_WARN_UNINITIALIZED_AUTOS = YES_AGGRESSIVE;
				GCC_WARN_UNUSED_FUNCTION = YES;
				GCC_WARN_UNUSED_VARIABLE = YES;
				HEADER_SEARCH_PATHS = ../../../include;
				MACOSX_DEPLOYMENT_TARGET = 10.12;
				MTL_ENABLE_DEBUG_INFO = NO;
				SDKROOT = macosx;
			};
			name = Release;
		};
		C625D99F1EDF4E8F001B8032 /* Debug */ = {
			isa = XCBuildConfiguration;
			buildSettings = {
				DEVELOPMENT_TEAM = W8U66ET244;
				PRODUCT_NAME = "$(TARGET_NAME)";
			};
			name = Debug;
		};
		C625D9A01EDF4E8F001B8032 /* Release */ = {
			isa = XCBuildConfiguration;
			buildSettings = {
				DEVELOPMENT_TEAM = W8U66ET244;
				PRODUCT_NAME = "$(TARGET_NAME)";
			};
			name = Release;
		};
/* End XCBuildConfiguration section */

/* Begin XCConfigurationList section */
		C625D9921EDF4E8F001B8032 /* Build configuration list for PBXProject "NDIlib_DynamicLoad" */ = {
			isa = XCConfigurationList;
			buildConfigurations = (
				C625D99C1EDF4E8F001B8032 /* Debug */,
				C625D99D1EDF4E8F001B8032 /* Release */,
			);
			defaultConfigurationIsVisible = 0;
			defaultConfigurationName = Release;
		};
		C625D99E1EDF4E8F001B8032 /* Build configuration list for PBXNativeTarget "NDIlib_DynamicLoad" */ = {
			isa = XCConfigurationList;
			buildConfigurations = (
				C625D99F1EDF4E8F001B8032 /* Debug */,
				C625D9A01EDF4E8F001B8032 /* Release */,
			);
			defaultConfigurationIsVisible = 0;
			defaultConfigurationName = Release;
		};
/* End XCConfigurationList section */
	};
	rootObject = C625D98F1EDF4E8F001B8032 /* Project object */;
}
